// !$*UTF8*$!
{
	archiveVersion = 1;
	classes = {
	};
	objectVersion = 77;
	objects = {

/* Begin PBXBuildFile section */
		2E075BC32DDCCA95001E7309 /* detective.mp3 in Resources */ = {isa = PBXBuildFile; fileRef = 2E075BBB2DDCCA95001E7309 /* detective.mp3 */; };
		2E075BC42DDCCA95001E7309 /* Tables.mp3 in Resources */ = {isa = PBXBuildFile; fileRef = 2E075BBC2DDCCA95001E7309 /* Tables.mp3 */; };
		2E075BC52DDCCA95001E7309 /* tap.mp3 in Resources */ = {isa = PBXBuildFile; fileRef = 2E075BC02DDCCA95001E7309 /* tap.mp3 */; };
		2E075BC62DDCCA95001E7309 /* Note.mp3 in Resources */ = {isa = PBXBuildFile; fileRef = 2E075BBD2DDCCA95001E7309 /* Note.mp3 */; };
		2E075BC72DDCCA95001E7309 /* Street.wav in Resources */ = {isa = PBXBuildFile; fileRef = 2E075BBF2DDCCA95001E7309 /* Street.wav */; };
		2E075BC82DDCCA95001E7309 /* Key.mp3 in Resources */ = {isa = PBXBuildFile; fileRef = 2E075BBE2DDCCA95001E7309 /* Key.mp3 */; };
		2E075BC92DDCCA95001E7309 /* paper.mp3 in Resources */ = {isa = PBXBuildFile; fileRef = 2E075BC12DDCCA95001E7309 /* paper.mp3 */; };
/* End PBXBuildFile section */

/* Begin PBXContainerItemProxy section */
		6B9CE0932DD5BFB400870846 /* PBXContainerItemProxy */ = {
			isa = PBXContainerItemProxy;
			containerPortal = 6B9CE0712DD5BFB200870846 /* Project object */;
			proxyType = 1;
			remoteGlobalIDString = 6B9CE0782DD5BFB200870846;
			remoteInfo = 404project;
		};
		6B9CE09D2DD5BFB400870846 /* PBXContainerItemProxy */ = {
			isa = PBXContainerItemProxy;
			containerPortal = 6B9CE0712DD5BFB200870846 /* Project object */;
			proxyType = 1;
			remoteGlobalIDString = 6B9CE0782DD5BFB200870846;
			remoteInfo = 404project;
		};
/* End PBXContainerItemProxy section */

/* Begin PBXFileReference section */
		2E075BBB2DDCCA95001E7309 /* detective.mp3 */ = {isa = PBXFileReference; lastKnownFileType = audio.mp3; path = detective.mp3; sourceTree = "<group>"; };
		2E075BBC2DDCCA95001E7309 /* Tables.mp3 */ = {isa = PBXFileReference; lastKnownFileType = audio.mp3; path = Tables.mp3; sourceTree = "<group>"; };
		2E075BBD2DDCCA95001E7309 /* Note.mp3 */ = {isa = PBXFileReference; lastKnownFileType = audio.mp3; path = Note.mp3; sourceTree = "<group>"; };
		2E075BBE2DDCCA95001E7309 /* Key.mp3 */ = {isa = PBXFileReference; lastKnownFileType = audio.mp3; path = Key.mp3; sourceTree = "<group>"; };
		2E075BBF2DDCCA95001E7309 /* Street.wav */ = {isa = PBXFileReference; lastKnownFileType = audio.wav; path = Street.wav; sourceTree = "<group>"; };
		2E075BC02DDCCA95001E7309 /* tap.mp3 */ = {isa = PBXFileReference; lastKnownFileType = audio.mp3; path = tap.mp3; sourceTree = "<group>"; };
		2E075BC12DDCCA95001E7309 /* paper.mp3 */ = {isa = PBXFileReference; lastKnownFileType = audio.mp3; path = paper.mp3; sourceTree = "<group>"; };
		6B9CE0792DD5BFB200870846 /* 404project.app */ = {isa = PBXFileReference; explicitFileType = wrapper.application; includeInIndex = 0; path = 404project.app; sourceTree = BUILT_PRODUCTS_DIR; };
		6B9CE0922DD5BFB400870846 /* 404projectTests.xctest */ = {isa = PBXFileReference; explicitFileType = wrapper.cfbundle; includeInIndex = 0; path = 404projectTests.xctest; sourceTree = BUILT_PRODUCTS_DIR; };
		6B9CE09C2DD5BFB400870846 /* 404projectUITests.xctest */ = {isa = PBXFileReference; explicitFileType = wrapper.cfbundle; includeInIndex = 0; path = 404projectUITests.xctest; sourceTree = BUILT_PRODUCTS_DIR; };
/* End PBXFileReference section */

/* Begin PBXFileSystemSynchronizedRootGroup section */
		6B9CE0952DD5BFB400870846 /* 404projectTests */ = {
			isa = PBXFileSystemSynchronizedRootGroup;
			path = 404projectTests;
			sourceTree = "<group>";
		};
		6B9CE09F2DD5BFB400870846 /* 404projectUITests */ = {
			isa = PBXFileSystemSynchronizedRootGroup;
			path = 404projectUITests;
			sourceTree = "<group>";
		};
		6B9CE1A62DDB0A9500870846 /* المستودع */ = {
			isa = PBXFileSystemSynchronizedRootGroup;
			path = "المستودع";
			sourceTree = "<group>";
		};
		6B9CE45F2DDD27F400870846 /* 404 */ = {
			isa = PBXFileSystemSynchronizedRootGroup;
			path = 404;
			sourceTree = "<group>";
		};
/* End PBXFileSystemSynchronizedRootGroup section */

/* Begin PBXFrameworksBuildPhase section */
		6B9CE0762DD5BFB200870846 /* Frameworks */ = {
			isa = PBXFrameworksBuildPhase;
			buildActionMask = 2147483647;
			files = (
			);
			runOnlyForDeploymentPostprocessing = 0;
		};
		6B9CE08F2DD5BFB400870846 /* Frameworks */ = {
			isa = PBXFrameworksBuildPhase;
			buildActionMask = 2147483647;
			files = (
			);
			runOnlyForDeploymentPostprocessing = 0;
		};
		6B9CE0992DD5BFB400870846 /* Frameworks */ = {
			isa = PBXFrameworksBuildPhase;
			buildActionMask = 2147483647;
			files = (
			);
			runOnlyForDeploymentPostprocessing = 0;
		};
/* End PBXFrameworksBuildPhase section */

/* Begin PBXGroup section */
		2E075BC22DDCCA95001E7309 /* Resources */ = {
			isa = PBXGroup;
			children = (
				2E075BBB2DDCCA95001E7309 /* detective.mp3 */,
				2E075BBC2DDCCA95001E7309 /* Tables.mp3 */,
				2E075BBD2DDCCA95001E7309 /* Note.mp3 */,
				2E075BBE2DDCCA95001E7309 /* Key.mp3 */,
				2E075BBF2DDCCA95001E7309 /* Street.wav */,
				2E075BC02DDCCA95001E7309 /* tap.mp3 */,
				2E075BC12DDCCA95001E7309 /* paper.mp3 */,
			);
			path = Resources;
			sourceTree = "<group>";
		};
		6B9CE0702DD5BFB200870846 = {
			isa = PBXGroup;
			children = (
				6B9CE45F2DDD27F400870846 /* 404 */,
				2E075BC22DDCCA95001E7309 /* Resources */,
				6B9CE1A62DDB0A9500870846 /* المستودع */,
				6B9CE0952DD5BFB400870846 /* 404projectTests */,
				6B9CE09F2DD5BFB400870846 /* 404projectUITests */,
				6B9CE07A2DD5BFB200870846 /* Products */,
			);
			sourceTree = "<group>";
		};
		6B9CE07A2DD5BFB200870846 /* Products */ = {
			isa = PBXGroup;
			children = (
				6B9CE0792DD5BFB200870846 /* 404project.app */,
				6B9CE0922DD5BFB400870846 /* 404projectTests.xctest */,
				6B9CE09C2DD5BFB400870846 /* 404projectUITests.xctest */,
			);
			name = Products;
			sourceTree = "<group>";
		};
/* End PBXGroup section */

/* Begin PBXNativeTarget section */
		6B9CE0782DD5BFB200870846 /* 404project */ = {
			isa = PBXNativeTarget;
			buildConfigurationList = 6B9CE0A62DD5BFB400870846 /* Build configuration list for PBXNativeTarget "404project" */;
			buildPhases = (
				6B9CE0752DD5BFB200870846 /* Sources */,
				6B9CE0762DD5BFB200870846 /* Frameworks */,
				6B9CE0772DD5BFB200870846 /* Resources */,
			);
			buildRules = (
			);
			dependencies = (
			);
			fileSystemSynchronizedGroups = (
				6B9CE1A62DDB0A9500870846 /* المستودع */,
				6B9CE45F2DDD27F400870846 /* 404 */,
			);
			name = 404project;
			packageProductDependencies = (
			);
			productName = 404project;
			productReference = 6B9CE0792DD5BFB200870846 /* 404project.app */;
			productType = "com.apple.product-type.application";
		};
		6B9CE0912DD5BFB400870846 /* 404projectTests */ = {
			isa = PBXNativeTarget;
			buildConfigurationList = 6B9CE0A92DD5BFB400870846 /* Build configuration list for PBXNativeTarget "404projectTests" */;
			buildPhases = (
				6B9CE08E2DD5BFB400870846 /* Sources */,
				6B9CE08F2DD5BFB400870846 /* Frameworks */,
				6B9CE0902DD5BFB400870846 /* Resources */,
			);
			buildRules = (
			);
			dependencies = (
				6B9CE0942DD5BFB400870846 /* PBXTargetDependency */,
			);
			fileSystemSynchronizedGroups = (
				6B9CE0952DD5BFB400870846 /* 404projectTests */,
			);
			name = 404projectTests;
			packageProductDependencies = (
			);
			productName = 404projectTests;
			productReference = 6B9CE0922DD5BFB400870846 /* 404projectTests.xctest */;
			productType = "com.apple.product-type.bundle.unit-test";
		};
		6B9CE09B2DD5BFB400870846 /* 404projectUITests */ = {
			isa = PBXNativeTarget;
			buildConfigurationList = 6B9CE0AC2DD5BFB400870846 /* Build configuration list for PBXNativeTarget "404projectUITests" */;
			buildPhases = (
				6B9CE0982DD5BFB400870846 /* Sources */,
				6B9CE0992DD5BFB400870846 /* Frameworks */,
				6B9CE09A2DD5BFB400870846 /* Resources */,
			);
			buildRules = (
			);
			dependencies = (
				6B9CE09E2DD5BFB400870846 /* PBXTargetDependency */,
			);
			fileSystemSynchronizedGroups = (
				6B9CE09F2DD5BFB400870846 /* 404projectUITests */,
			);
			name = 404projectUITests;
			packageProductDependencies = (
			);
			productName = 404projectUITests;
			productReference = 6B9CE09C2DD5BFB400870846 /* 404projectUITests.xctest */;
			productType = "com.apple.product-type.bundle.ui-testing";
		};
/* End PBXNativeTarget section */

/* Begin PBXProject section */
		6B9CE0712DD5BFB200870846 /* Project object */ = {
			isa = PBXProject;
			attributes = {
				BuildIndependentTargetsInParallel = 1;
				LastSwiftUpdateCheck = 1630;
				LastUpgradeCheck = 1630;
				TargetAttributes = {
					6B9CE0782DD5BFB200870846 = {
						CreatedOnToolsVersion = 16.3;
					};
					6B9CE0912DD5BFB400870846 = {
						CreatedOnToolsVersion = 16.3;
						TestTargetID = 6B9CE0782DD5BFB200870846;
					};
					6B9CE09B2DD5BFB400870846 = {
						CreatedOnToolsVersion = 16.3;
						TestTargetID = 6B9CE0782DD5BFB200870846;
					};
				};
			};
			buildConfigurationList = 6B9CE0742DD5BFB200870846 /* Build configuration list for PBXProject "404project" */;
			developmentRegion = en;
			hasScannedForEncodings = 0;
			knownRegions = (
				en,
				Base,
			);
			mainGroup = 6B9CE0702DD5BFB200870846;
			minimizedProjectReferenceProxies = 1;
			preferredProjectObjectVersion = 77;
			productRefGroup = 6B9CE07A2DD5BFB200870846 /* Products */;
			projectDirPath = "";
			projectRoot = "";
			targets = (
				6B9CE0782DD5BFB200870846 /* 404project */,
				6B9CE0912DD5BFB400870846 /* 404projectTests */,
				6B9CE09B2DD5BFB400870846 /* 404projectUITests */,
			);
		};
/* End PBXProject section */

/* Begin PBXResourcesBuildPhase section */
		6B9CE0772DD5BFB200870846 /* Resources */ = {
			isa = PBXResourcesBuildPhase;
			buildActionMask = 2147483647;
			files = (
				2E075BC32DDCCA95001E7309 /* detective.mp3 in Resources */,
				2E075BC42DDCCA95001E7309 /* Tables.mp3 in Resources */,
				2E075BC52DDCCA95001E7309 /* tap.mp3 in Resources */,
				2E075BC62DDCCA95001E7309 /* Note.mp3 in Resources */,
				2E075BC72DDCCA95001E7309 /* Street.wav in Resources */,
				2E075BC82DDCCA95001E7309 /* Key.mp3 in Resources */,
				2E075BC92DDCCA95001E7309 /* paper.mp3 in Resources */,
			);
			runOnlyForDeploymentPostprocessing = 0;
		};
		6B9CE0902DD5BFB400870846 /* Resources */ = {
			isa = PBXResourcesBuildPhase;
			buildActionMask = 2147483647;
			files = (
			);
			runOnlyForDeploymentPostprocessing = 0;
		};
		6B9CE09A2DD5BFB400870846 /* Resources */ = {
			isa = PBXResourcesBuildPhase;
			buildActionMask = 2147483647;
			files = (
			);
			runOnlyForDeploymentPostprocessing = 0;
		};
/* End PBXResourcesBuildPhase section */

/* Begin PBXSourcesBuildPhase section */
		6B9CE0752DD5BFB200870846 /* Sources */ = {
			isa = PBXSourcesBuildPhase;
			buildActionMask = 2147483647;
			files = (
			);
			runOnlyForDeploymentPostprocessing = 0;
		};
		6B9CE08E2DD5BFB400870846 /* Sources */ = {
			isa = PBXSourcesBuildPhase;
			buildActionMask = 2147483647;
			files = (
			);
			runOnlyForDeploymentPostprocessing = 0;
		};
		6B9CE0982DD5BFB400870846 /* Sources */ = {
			isa = PBXSourcesBuildPhase;
			buildActionMask = 2147483647;
			files = (
			);
			runOnlyForDeploymentPostprocessing = 0;
		};
/* End PBXSourcesBuildPhase section */

/* Begin PBXTargetDependency section */
		6B9CE0942DD5BFB400870846 /* PBXTargetDependency */ = {
			isa = PBXTargetDependency;
			target = 6B9CE0782DD5BFB200870846 /* 404project */;
			targetProxy = 6B9CE0932DD5BFB400870846 /* PBXContainerItemProxy */;
		};
		6B9CE09E2DD5BFB400870846 /* PBXTargetDependency */ = {
			isa = PBXTargetDependency;
			target = 6B9CE0782DD5BFB200870846 /* 404project */;
			targetProxy = 6B9CE09D2DD5BFB400870846 /* PBXContainerItemProxy */;
		};
/* End PBXTargetDependency section */

/* Begin XCBuildConfiguration section */
		6B9CE0A42DD5BFB400870846 /* Debug */ = {
			isa = XCBuildConfiguration;
			buildSettings = {
				ALWAYS_SEARCH_USER_PATHS = NO;
				ASSETCATALOG_COMPILER_GENERATE_SWIFT_ASSET_SYMBOL_EXTENSIONS = YES;
				CLANG_ANALYZER_NONNULL = YES;
				CLANG_ANALYZER_NUMBER_OBJECT_CONVERSION = YES_AGGRESSIVE;
				CLANG_CXX_LANGUAGE_STANDARD = "gnu++20";
				CLANG_ENABLE_MODULES = YES;
				CLANG_ENABLE_OBJC_ARC = YES;
				CLANG_ENABLE_OBJC_WEAK = YES;
				CLANG_WARN_BLOCK_CAPTURE_AUTORELEASING = YES;
				CLANG_WARN_BOOL_CONVERSION = YES;
				CLANG_WARN_COMMA = YES;
				CLANG_WARN_CONSTANT_CONVERSION = YES;
				CLANG_WARN_DEPRECATED_OBJC_IMPLEMENTATIONS = YES;
				CLANG_WARN_DIRECT_OBJC_ISA_USAGE = YES_ERROR;
				CLANG_WARN_DOCUMENTATION_COMMENTS = YES;
				CLANG_WARN_EMPTY_BODY = YES;
				CLANG_WARN_ENUM_CONVERSION = YES;
				CLANG_WARN_INFINITE_RECURSION = YES;
				CLANG_WARN_INT_CONVERSION = YES;
				CLANG_WARN_NON_LITERAL_NULL_CONVERSION = YES;
				CLANG_WARN_OBJC_IMPLICIT_RETAIN_SELF = YES;
				CLANG_WARN_OBJC_LITERAL_CONVERSION = YES;
				CLANG_WARN_OBJC_ROOT_CLASS = YES_ERROR;
				CLANG_WARN_QUOTED_INCLUDE_IN_FRAMEWORK_HEADER = YES;
				CLANG_WARN_RANGE_LOOP_ANALYSIS = YES;
				CLANG_WARN_STRICT_PROTOTYPES = YES;
				CLANG_WARN_SUSPICIOUS_MOVE = YES;
				CLANG_WARN_UNGUARDED_AVAILABILITY = YES_AGGRESSIVE;
				CLANG_WARN_UNREACHABLE_CODE = YES;
				CLANG_WARN__DUPLICATE_METHOD_MATCH = YES;
				COPY_PHASE_STRIP = NO;
				DEBUG_INFORMATION_FORMAT = dwarf;
				DEVELOPMENT_TEAM = M6NFWW666U;
				ENABLE_STRICT_OBJC_MSGSEND = YES;
				ENABLE_TESTABILITY = YES;
				ENABLE_USER_SCRIPT_SANDBOXING = YES;
				GCC_C_LANGUAGE_STANDARD = gnu17;
				GCC_DYNAMIC_NO_PIC = NO;
				GCC_NO_COMMON_BLOCKS = YES;
				GCC_OPTIMIZATION_LEVEL = 0;
				GCC_PREPROCESSOR_DEFINITIONS = (
					"DEBUG=1",
					"$(inherited)",
				);
				GCC_WARN_64_TO_32_BIT_CONVERSION = YES;
				GCC_WARN_ABOUT_RETURN_TYPE = YES_ERROR;
				GCC_WARN_UNDECLARED_SELECTOR = YES;
				GCC_WARN_UNINITIALIZED_AUTOS = YES_AGGRESSIVE;
				GCC_WARN_UNUSED_FUNCTION = YES;
				GCC_WARN_UNUSED_VARIABLE = YES;
				IPHONEOS_DEPLOYMENT_TARGET = 18.4;
				LOCALIZATION_PREFERS_STRING_CATALOGS = YES;
				MTL_ENABLE_DEBUG_INFO = INCLUDE_SOURCE;
				MTL_FAST_MATH = YES;
				ONLY_ACTIVE_ARCH = YES;
				SDKROOT = iphoneos;
				SWIFT_ACTIVE_COMPILATION_CONDITIONS = "DEBUG $(inherited)";
				SWIFT_OPTIMIZATION_LEVEL = "-Onone";
			};
			name = Debug;
		};
		6B9CE0A52DD5BFB400870846 /* Release */ = {
			isa = XCBuildConfiguration;
			buildSettings = {
				ALWAYS_SEARCH_USER_PATHS = NO;
				ASSETCATALOG_COMPILER_GENERATE_SWIFT_ASSET_SYMBOL_EXTENSIONS = YES;
				CLANG_ANALYZER_NONNULL = YES;
				CLANG_ANALYZER_NUMBER_OBJECT_CONVERSION = YES_AGGRESSIVE;
				CLANG_CXX_LANGUAGE_STANDARD = "gnu++20";
				CLANG_ENABLE_MODULES = YES;
				CLANG_ENABLE_OBJC_ARC = YES;
				CLANG_ENABLE_OBJC_WEAK = YES;
				CLANG_WARN_BLOCK_CAPTURE_AUTORELEASING = YES;
				CLANG_WARN_BOOL_CONVERSION = YES;
				CLANG_WARN_COMMA = YES;
				CLANG_WARN_CONSTANT_CONVERSION = YES;
				CLANG_WARN_DEPRECATED_OBJC_IMPLEMENTATIONS = YES;
				CLANG_WARN_DIRECT_OBJC_ISA_USAGE = YES_ERROR;
				CLANG_WARN_DOCUMENTATION_COMMENTS = YES;
				CLANG_WARN_EMPTY_BODY = YES;
				CLANG_WARN_ENUM_CONVERSION = YES;
				CLANG_WARN_INFINITE_RECURSION = YES;
				CLANG_WARN_INT_CONVERSION = YES;
				CLANG_WARN_NON_LITERAL_NULL_CONVERSION = YES;
				CLANG_WARN_OBJC_IMPLICIT_RETAIN_SELF = YES;
				CLANG_WARN_OBJC_LITERAL_CONVERSION = YES;
				CLANG_WARN_OBJC_ROOT_CLASS = YES_ERROR;
				CLANG_WARN_QUOTED_INCLUDE_IN_FRAMEWORK_HEADER = YES;
				CLANG_WARN_RANGE_LOOP_ANALYSIS = YES;
				CLANG_WARN_STRICT_PROTOTYPES = YES;
				CLANG_WARN_SUSPICIOUS_MOVE = YES;
				CLANG_WARN_UNGUARDED_AVAILABILITY = YES_AGGRESSIVE;
				CLANG_WARN_UNREACHABLE_CODE = YES;
				CLANG_WARN__DUPLICATE_METHOD_MATCH = YES;
				COPY_PHASE_STRIP = NO;
				DEBUG_INFORMATION_FORMAT = "dwarf-with-dsym";
				DEVELOPMENT_TEAM = M6NFWW666U;
				ENABLE_NS_ASSERTIONS = NO;
				ENABLE_STRICT_OBJC_MSGSEND = YES;
				ENABLE_USER_SCRIPT_SANDBOXING = YES;
				GCC_C_LANGUAGE_STANDARD = gnu17;
				GCC_NO_COMMON_BLOCKS = YES;
				GCC_WARN_64_TO_32_BIT_CONVERSION = YES;
				GCC_WARN_ABOUT_RETURN_TYPE = YES_ERROR;
				GCC_WARN_UNDECLARED_SELECTOR = YES;
				GCC_WARN_UNINITIALIZED_AUTOS = YES_AGGRESSIVE;
				GCC_WARN_UNUSED_FUNCTION = YES;
				GCC_WARN_UNUSED_VARIABLE = YES;
				IPHONEOS_DEPLOYMENT_TARGET = 18.4;
				LOCALIZATION_PREFERS_STRING_CATALOGS = YES;
				MTL_ENABLE_DEBUG_INFO = NO;
				MTL_FAST_MATH = YES;
				SDKROOT = iphoneos;
				SWIFT_COMPILATION_MODE = wholemodule;
				VALIDATE_PRODUCT = YES;
			};
			name = Release;
		};
		6B9CE0A72DD5BFB400870846 /* Debug */ = {
			isa = XCBuildConfiguration;
			buildSettings = {
				ASSETCATALOG_COMPILER_APPICON_NAME = AppIcon;
				ASSETCATALOG_COMPILER_GLOBAL_ACCENT_COLOR_NAME = AccentColor;
				CODE_SIGN_STYLE = Automatic;
				CURRENT_PROJECT_VERSION = 3;
				DEVELOPMENT_TEAM = 76WT6NTMN2;
				GENERATE_INFOPLIST_FILE = YES;
				INFOPLIST_KEY_UIApplicationSupportsIndirectInputEvents = YES;
				INFOPLIST_KEY_UILaunchStoryboardName = LaunchScreen;
				INFOPLIST_KEY_UIMainStoryboardFile = Main;
				INFOPLIST_KEY_UIStatusBarHidden = YES;
				INFOPLIST_KEY_UISupportedInterfaceOrientations = "UIInterfaceOrientationLandscapeLeft UIInterfaceOrientationLandscapeRight";
				LD_RUNPATH_SEARCH_PATHS = (
					"$(inherited)",
					"@executable_path/Frameworks",
				);
				MARKETING_VERSION = 0.3.0;
				PRODUCT_BUNDLE_IDENTIFIER = "Jumana-.";
				PRODUCT_NAME = "$(TARGET_NAME)";
				SWIFT_EMIT_LOC_STRINGS = YES;
				SWIFT_VERSION = 5.0;
				TARGETED_DEVICE_FAMILY = "1,2";
			};
			name = Debug;
		};
		6B9CE0A82DD5BFB400870846 /* Release */ = {
			isa = XCBuildConfiguration;
			buildSettings = {
				ASSETCATALOG_COMPILER_APPICON_NAME = AppIcon;
				ASSETCATALOG_COMPILER_GLOBAL_ACCENT_COLOR_NAME = AccentColor;
				CODE_SIGN_STYLE = Automatic;
				CURRENT_PROJECT_VERSION = 3;
				DEVELOPMENT_TEAM = 76WT6NTMN2;
				GENERATE_INFOPLIST_FILE = YES;
				INFOPLIST_KEY_UIApplicationSupportsIndirectInputEvents = YES;
				INFOPLIST_KEY_UILaunchStoryboardName = LaunchScreen;
				INFOPLIST_KEY_UIMainStoryboardFile = Main;
				INFOPLIST_KEY_UIStatusBarHidden = YES;
				INFOPLIST_KEY_UISupportedInterfaceOrientations = "UIInterfaceOrientationLandscapeLeft UIInterfaceOrientationLandscapeRight";
				LD_RUNPATH_SEARCH_PATHS = (
					"$(inherited)",
					"@executable_path/Frameworks",
				);
				MARKETING_VERSION = 0.3.0;
				PRODUCT_BUNDLE_IDENTIFIER = "Jumana-.";
				PRODUCT_NAME = "$(TARGET_NAME)";
				SWIFT_EMIT_LOC_STRINGS = YES;
				SWIFT_VERSION = 5.0;
				TARGETED_DEVICE_FAMILY = "1,2";
			};
			name = Release;
		};
		6B9CE0AA2DD5BFB400870846 /* Debug */ = {
			isa = XCBuildConfiguration;
			buildSettings = {
				BUNDLE_LOADER = "$(TEST_HOST)";
				CODE_SIGN_STYLE = Automatic;
				CURRENT_PROJECT_VERSION = 1;
				DEVELOPMENT_TEAM = 567VM89PF2;
				GENERATE_INFOPLIST_FILE = YES;
				IPHONEOS_DEPLOYMENT_TARGET = 18.4;
				MARKETING_VERSION = 1.0;
				PRODUCT_BUNDLE_IDENTIFIER = "com.ra-04project";
				PRODUCT_NAME = "$(TARGET_NAME)";
				SWIFT_EMIT_LOC_STRINGS = NO;
				SWIFT_VERSION = 5.0;
				TARGETED_DEVICE_FAMILY = "1,2";
				TEST_HOST = "$(BUILT_PRODUCTS_DIR)/404project.app/$(BUNDLE_EXECUTABLE_FOLDER_PATH)/404project";
			};
			name = Debug;
		};
		6B9CE0AB2DD5BFB400870846 /* Release */ = {
			isa = XCBuildConfiguration;
			buildSettings = {
				BUNDLE_LOADER = "$(TEST_HOST)";
				CODE_SIGN_STYLE = Automatic;
				CURRENT_PROJECT_VERSION = 1;
				DEVELOPMENT_TEAM = 567VM89PF2;
				GENERATE_INFOPLIST_FILE = YES;
				IPHONEOS_DEPLOYMENT_TARGET = 18.4;
				MARKETING_VERSION = 1.0;
				PRODUCT_BUNDLE_IDENTIFIER = "com.ra-04project";
				PRODUCT_NAME = "$(TARGET_NAME)";
				SWIFT_EMIT_LOC_STRINGS = NO;
				SWIFT_VERSION = 5.0;
				TARGETED_DEVICE_FAMILY = "1,2";
				TEST_HOST = "$(BUILT_PRODUCTS_DIR)/404project.app/$(BUNDLE_EXECUTABLE_FOLDER_PATH)/404project";
			};
			name = Release;
		};
		6B9CE0AD2DD5BFB400870846 /* Debug */ = {
			isa = XCBuildConfiguration;
			buildSettings = {
				CODE_SIGN_STYLE = Automatic;
				CURRENT_PROJECT_VERSION = 1;
				DEVELOPMENT_TEAM = 567VM89PF2;
				GENERATE_INFOPLIST_FILE = YES;
				MARKETING_VERSION = 1.0;
				PRODUCT_BUNDLE_IDENTIFIER = "com.ra-04projectUITests";
				PRODUCT_NAME = "$(TARGET_NAME)";
				SWIFT_EMIT_LOC_STRINGS = NO;
				SWIFT_VERSION = 5.0;
				TARGETED_DEVICE_FAMILY = "1,2";
				TEST_TARGET_NAME = 404project;
			};
			name = Debug;
		};
		6B9CE0AE2DD5BFB400870846 /* Release */ = {
			isa = XCBuildConfiguration;
			buildSettings = {
				CODE_SIGN_STYLE = Automatic;
				CURRENT_PROJECT_VERSION = 1;
				DEVELOPMENT_TEAM = 567VM89PF2;
				GENERATE_INFOPLIST_FILE = YES;
				MARKETING_VERSION = 1.0;
				PRODUCT_BUNDLE_IDENTIFIER = "com.ra-04projectUITests";
				PRODUCT_NAME = "$(TARGET_NAME)";
				SWIFT_EMIT_LOC_STRINGS = NO;
				SWIFT_VERSION = 5.0;
				TARGETED_DEVICE_FAMILY = "1,2";
				TEST_TARGET_NAME = 404project;
			};
			name = Release;
		};
/* End XCBuildConfiguration section */

/* Begin XCConfigurationList section */
		6B9CE0742DD5BFB200870846 /* Build configuration list for PBXProject "404project" */ = {
			isa = XCConfigurationList;
			buildConfigurations = (
				6B9CE0A42DD5BFB400870846 /* Debug */,
				6B9CE0A52DD5BFB400870846 /* Release */,
			);
			defaultConfigurationIsVisible = 0;
			defaultConfigurationName = Release;
		};
		6B9CE0A62DD5BFB400870846 /* Build configuration list for PBXNativeTarget "404project" */ = {
			isa = XCConfigurationList;
			buildConfigurations = (
				6B9CE0A72DD5BFB400870846 /* Debug */,
				6B9CE0A82DD5BFB400870846 /* Release */,
			);
			defaultConfigurationIsVisible = 0;
			defaultConfigurationName = Release;
		};
		6B9CE0A92DD5BFB400870846 /* Build configuration list for PBXNativeTarget "404projectTests" */ = {
			isa = XCConfigurationList;
			buildConfigurations = (
				6B9CE0AA2DD5BFB400870846 /* Debug */,
				6B9CE0AB2DD5BFB400870846 /* Release */,
			);
			defaultConfigurationIsVisible = 0;
			defaultConfigurationName = Release;
		};
		6B9CE0AC2DD5BFB400870846 /* Build configuration list for PBXNativeTarget "404projectUITests" */ = {
			isa = XCConfigurationList;
			buildConfigurations = (
				6B9CE0AD2DD5BFB400870846 /* Debug */,
				6B9CE0AE2DD5BFB400870846 /* Release */,
			);
			defaultConfigurationIsVisible = 0;
			defaultConfigurationName = Release;
		};
/* End XCConfigurationList section */
	};
	rootObject = 6B9CE0712DD5BFB200870846 /* Project object */;
}
